// !$*UTF8*$!
{
	archiveVersion = 1;
	classes = {
	};
	objectVersion = 55;
	objects = {

/* Begin PBXBuildFile section */
		1997CD41AFE42AC3F0C60534 /* Pods_Matrix.framework in Frameworks */ = {isa = PBXBuildFile; fileRef = C31B69B0E3B80FF71D765CF3 /* Pods_Matrix.framework */; };
		473B69E127A9A990007A3564 /* HomeViewModel.swift in Sources */ = {isa = PBXBuildFile; fileRef = 473B69E027A9A990007A3564 /* HomeViewModel.swift */; };
		473B69E327A9A9C5007A3564 /* HomeViewController+Networking.swift in Sources */ = {isa = PBXBuildFile; fileRef = 473B69E227A9A9C5007A3564 /* HomeViewController+Networking.swift */; };
		473B69E527A9AD15007A3564 /* Movie.swift in Sources */ = {isa = PBXBuildFile; fileRef = 473B69E427A9AD15007A3564 /* Movie.swift */; };
		473B69E727A9ADC8007A3564 /* Actor.swift in Sources */ = {isa = PBXBuildFile; fileRef = 473B69E627A9ADC8007A3564 /* Actor.swift */; };
		473B69E927A9ADE9007A3564 /* Directors.swift in Sources */ = {isa = PBXBuildFile; fileRef = 473B69E827A9ADE9007A3564 /* Directors.swift */; };
		473B69EB27A9ADFD007A3564 /* Item.swift in Sources */ = {isa = PBXBuildFile; fileRef = 473B69EA27A9ADFD007A3564 /* Item.swift */; };
		473B69ED27A9AE22007A3564 /* ActorCollectionCell.swift in Sources */ = {isa = PBXBuildFile; fileRef = 473B69EC27A9AE22007A3564 /* ActorCollectionCell.swift */; };
		473B69EF27A9B25C007A3564 /* BaseCollectionViewCell.swift in Sources */ = {isa = PBXBuildFile; fileRef = 473B69EE27A9B25C007A3564 /* BaseCollectionViewCell.swift */; };
		473B69F127A9B2D6007A3564 /* UIImageView+Extension.swift in Sources */ = {isa = PBXBuildFile; fileRef = 473B69F027A9B2D6007A3564 /* UIImageView+Extension.swift */; };
		473B69F427A9B38E007A3564 /* Constraints.swift in Sources */ = {isa = PBXBuildFile; fileRef = 473B69F327A9B38E007A3564 /* Constraints.swift */; };
		473B69F627A9B4BD007A3564 /* MatrixNetworkController.swift in Sources */ = {isa = PBXBuildFile; fileRef = 473B69F527A9B4BD007A3564 /* MatrixNetworkController.swift */; };
		473B69F827A9B4E1007A3564 /* MatrixNetworkProtocol.swift in Sources */ = {isa = PBXBuildFile; fileRef = 473B69F727A9B4E1007A3564 /* MatrixNetworkProtocol.swift */; };
		473B69FD27A9B59A007A3564 /* MovieSearch.swift in Sources */ = {isa = PBXBuildFile; fileRef = 473B69FC27A9B59A007A3564 /* MovieSearch.swift */; };
		473B69FF27A9B6C3007A3564 /* WatchCollectionFlowLayout.swift in Sources */ = {isa = PBXBuildFile; fileRef = 473B69FE27A9B6C3007A3564 /* WatchCollectionFlowLayout.swift */; };
		47678AA227A99D380065FFFA /* AppDelegate.swift in Sources */ = {isa = PBXBuildFile; fileRef = 47678AA127A99D380065FFFA /* AppDelegate.swift */; };
		47678AA627A99D380065FFFA /* HomeViewController.swift in Sources */ = {isa = PBXBuildFile; fileRef = 47678AA527A99D380065FFFA /* HomeViewController.swift */; };
		47678AAB27A99D3A0065FFFA /* Assets.xcassets in Resources */ = {isa = PBXBuildFile; fileRef = 47678AAA27A99D3A0065FFFA /* Assets.xcassets */; };
		47678AAE27A99D3A0065FFFA /* LaunchScreen.storyboard in Resources */ = {isa = PBXBuildFile; fileRef = 47678AAC27A99D3A0065FFFA /* LaunchScreen.storyboard */; };
		47678AC927A9A1750065FFFA /* Colour.swift in Sources */ = {isa = PBXBuildFile; fileRef = 47678AC827A9A1750065FFFA /* Colour.swift */; };
		47678ACC27A9A3080065FFFA /* DependencyContainer.swift in Sources */ = {isa = PBXBuildFile; fileRef = 47678ACB27A9A3080065FFFA /* DependencyContainer.swift */; };
		4783386A27A9BB5600E3132C /* URLCenter.swift in Sources */ = {isa = PBXBuildFile; fileRef = 4783386927A9BB5600E3132C /* URLCenter.swift */; };
		4783386D27A9BBCB00E3132C /* AppConfiguration.swift in Sources */ = {isa = PBXBuildFile; fileRef = 4783386C27A9BBCB00E3132C /* AppConfiguration.swift */; };
		4783386F27A9BFB100E3132C /* DispatchOnMain.swift in Sources */ = {isa = PBXBuildFile; fileRef = 4783386E27A9BFB100E3132C /* DispatchOnMain.swift */; };
		4783387227A9C21300E3132C /* APIKit.swift in Sources */ = {isa = PBXBuildFile; fileRef = 4783387127A9C21300E3132C /* APIKit.swift */; };
		4783387427A9C22B00E3132C /* APIKitProtocol.swift in Sources */ = {isa = PBXBuildFile; fileRef = 4783387327A9C22B00E3132C /* APIKitProtocol.swift */; };
		4783387727A9C74300E3132C /* APIError.swift in Sources */ = {isa = PBXBuildFile; fileRef = 4783387627A9C74300E3132C /* APIError.swift */; };
		4783387927A9C9DD00E3132C /* APIResponse.swift in Sources */ = {isa = PBXBuildFile; fileRef = 4783387827A9C9DD00E3132C /* APIResponse.swift */; };
/* End PBXBuildFile section */

/* Begin PBXFileReference section */
		0F40847BC8238BD787AF6CD5 /* Pods-Matrix.release.xcconfig */ = {isa = PBXFileReference; includeInIndex = 1; lastKnownFileType = text.xcconfig; name = "Pods-Matrix.release.xcconfig"; path = "Target Support Files/Pods-Matrix/Pods-Matrix.release.xcconfig"; sourceTree = "<group>"; };
		473B69E027A9A990007A3564 /* HomeViewModel.swift */ = {isa = PBXFileReference; lastKnownFileType = sourcecode.swift; path = HomeViewModel.swift; sourceTree = "<group>"; };
		473B69E227A9A9C5007A3564 /* HomeViewController+Networking.swift */ = {isa = PBXFileReference; lastKnownFileType = sourcecode.swift; path = "HomeViewController+Networking.swift"; sourceTree = "<group>"; };
		473B69E427A9AD15007A3564 /* Movie.swift */ = {isa = PBXFileReference; lastKnownFileType = sourcecode.swift; path = Movie.swift; sourceTree = "<group>"; };
		473B69E627A9ADC8007A3564 /* Actor.swift */ = {isa = PBXFileReference; lastKnownFileType = sourcecode.swift; path = Actor.swift; sourceTree = "<group>"; };
		473B69E827A9ADE9007A3564 /* Directors.swift */ = {isa = PBXFileReference; lastKnownFileType = sourcecode.swift; path = Directors.swift; sourceTree = "<group>"; };
		473B69EA27A9ADFD007A3564 /* Item.swift */ = {isa = PBXFileReference; lastKnownFileType = sourcecode.swift; path = Item.swift; sourceTree = "<group>"; };
		473B69EC27A9AE22007A3564 /* ActorCollectionCell.swift */ = {isa = PBXFileReference; lastKnownFileType = sourcecode.swift; path = ActorCollectionCell.swift; sourceTree = "<group>"; };
		473B69EE27A9B25C007A3564 /* BaseCollectionViewCell.swift */ = {isa = PBXFileReference; lastKnownFileType = sourcecode.swift; path = BaseCollectionViewCell.swift; sourceTree = "<group>"; };
		473B69F027A9B2D6007A3564 /* UIImageView+Extension.swift */ = {isa = PBXFileReference; lastKnownFileType = sourcecode.swift; path = "UIImageView+Extension.swift"; sourceTree = "<group>"; };
		473B69F327A9B38E007A3564 /* Constraints.swift */ = {isa = PBXFileReference; lastKnownFileType = sourcecode.swift; path = Constraints.swift; sourceTree = "<group>"; };
		473B69F527A9B4BD007A3564 /* MatrixNetworkController.swift */ = {isa = PBXFileReference; lastKnownFileType = sourcecode.swift; path = MatrixNetworkController.swift; sourceTree = "<group>"; };
		473B69F727A9B4E1007A3564 /* MatrixNetworkProtocol.swift */ = {isa = PBXFileReference; lastKnownFileType = sourcecode.swift; path = MatrixNetworkProtocol.swift; sourceTree = "<group>"; };
		473B69FC27A9B59A007A3564 /* MovieSearch.swift */ = {isa = PBXFileReference; lastKnownFileType = sourcecode.swift; path = MovieSearch.swift; sourceTree = "<group>"; };
		473B69FE27A9B6C3007A3564 /* WatchCollectionFlowLayout.swift */ = {isa = PBXFileReference; lastKnownFileType = sourcecode.swift; path = WatchCollectionFlowLayout.swift; sourceTree = "<group>"; };
		47678A9E27A99D380065FFFA /* Matrix.app */ = {isa = PBXFileReference; explicitFileType = wrapper.application; includeInIndex = 0; path = Matrix.app; sourceTree = BUILT_PRODUCTS_DIR; };
		47678AA127A99D380065FFFA /* AppDelegate.swift */ = {isa = PBXFileReference; lastKnownFileType = sourcecode.swift; path = AppDelegate.swift; sourceTree = "<group>"; };
		47678AA527A99D380065FFFA /* HomeViewController.swift */ = {isa = PBXFileReference; lastKnownFileType = sourcecode.swift; path = HomeViewController.swift; sourceTree = "<group>"; };
		47678AAA27A99D3A0065FFFA /* Assets.xcassets */ = {isa = PBXFileReference; lastKnownFileType = folder.assetcatalog; path = Assets.xcassets; sourceTree = "<group>"; };
		47678AAD27A99D3A0065FFFA /* Base */ = {isa = PBXFileReference; lastKnownFileType = file.storyboard; name = Base; path = Base.lproj/LaunchScreen.storyboard; sourceTree = "<group>"; };
		47678AAF27A99D3A0065FFFA /* Info.plist */ = {isa = PBXFileReference; lastKnownFileType = text.plist.xml; path = Info.plist; sourceTree = "<group>"; };
		47678AC827A9A1750065FFFA /* Colour.swift */ = {isa = PBXFileReference; lastKnownFileType = sourcecode.swift; path = Colour.swift; sourceTree = "<group>"; };
		47678ACB27A9A3080065FFFA /* DependencyContainer.swift */ = {isa = PBXFileReference; lastKnownFileType = sourcecode.swift; path = DependencyContainer.swift; sourceTree = "<group>"; };
		4783386927A9BB5600E3132C /* URLCenter.swift */ = {isa = PBXFileReference; lastKnownFileType = sourcecode.swift; path = URLCenter.swift; sourceTree = "<group>"; };
		4783386C27A9BBCB00E3132C /* AppConfiguration.swift */ = {isa = PBXFileReference; lastKnownFileType = sourcecode.swift; path = AppConfiguration.swift; sourceTree = "<group>"; };
		4783386E27A9BFB100E3132C /* DispatchOnMain.swift */ = {isa = PBXFileReference; lastKnownFileType = sourcecode.swift; path = DispatchOnMain.swift; sourceTree = "<group>"; };
		4783387127A9C21300E3132C /* APIKit.swift */ = {isa = PBXFileReference; lastKnownFileType = sourcecode.swift; path = APIKit.swift; sourceTree = "<group>"; };
		4783387327A9C22B00E3132C /* APIKitProtocol.swift */ = {isa = PBXFileReference; lastKnownFileType = sourcecode.swift; path = APIKitProtocol.swift; sourceTree = "<group>"; };
		4783387627A9C74300E3132C /* APIError.swift */ = {isa = PBXFileReference; lastKnownFileType = sourcecode.swift; path = APIError.swift; sourceTree = "<group>"; };
		4783387827A9C9DD00E3132C /* APIResponse.swift */ = {isa = PBXFileReference; lastKnownFileType = sourcecode.swift; path = APIResponse.swift; sourceTree = "<group>"; };
		8D34911772A5FDE47D3DECE1 /* Pods-Matrix.debug.xcconfig */ = {isa = PBXFileReference; includeInIndex = 1; lastKnownFileType = text.xcconfig; name = "Pods-Matrix.debug.xcconfig"; path = "Target Support Files/Pods-Matrix/Pods-Matrix.debug.xcconfig"; sourceTree = "<group>"; };
		C31B69B0E3B80FF71D765CF3 /* Pods_Matrix.framework */ = {isa = PBXFileReference; explicitFileType = wrapper.framework; includeInIndex = 0; path = Pods_Matrix.framework; sourceTree = BUILT_PRODUCTS_DIR; };
/* End PBXFileReference section */

/* Begin PBXFrameworksBuildPhase section */
		47678A9B27A99D380065FFFA /* Frameworks */ = {
			isa = PBXFrameworksBuildPhase;
			buildActionMask = 2147483647;
			files = (
				1997CD41AFE42AC3F0C60534 /* Pods_Matrix.framework in Frameworks */,
			);
			runOnlyForDeploymentPostprocessing = 0;
		};
/* End PBXFrameworksBuildPhase section */

/* Begin PBXGroup section */
		35487C9CE2ADBE234953E6D2 /* Pods */ = {
			isa = PBXGroup;
			children = (
				8D34911772A5FDE47D3DECE1 /* Pods-Matrix.debug.xcconfig */,
				0F40847BC8238BD787AF6CD5 /* Pods-Matrix.release.xcconfig */,
			);
			path = Pods;
			sourceTree = "<group>";
		};
		473B69F227A9B337007A3564 /* Constraints */ = {
			isa = PBXGroup;
			children = (
				473B69F327A9B38E007A3564 /* Constraints.swift */,
			);
			path = Constraints;
			sourceTree = "<group>";
		};
		473B69FB27A9B577007A3564 /* NetworkController */ = {
			isa = PBXGroup;
			children = (
				473B69F727A9B4E1007A3564 /* MatrixNetworkProtocol.swift */,
				473B69F527A9B4BD007A3564 /* MatrixNetworkController.swift */,
			);
			path = NetworkController;
			sourceTree = "<group>";
		};
		47678A9527A99D380065FFFA = {
			isa = PBXGroup;
			children = (
				47678AA027A99D380065FFFA /* Matrix */,
				47678A9F27A99D380065FFFA /* Products */,
				35487C9CE2ADBE234953E6D2 /* Pods */,
				5E737AEC41A61548489133CA /* Frameworks */,
			);
			sourceTree = "<group>";
		};
		47678A9F27A99D380065FFFA /* Products */ = {
			isa = PBXGroup;
			children = (
				47678A9E27A99D380065FFFA /* Matrix.app */,
			);
			name = Products;
			sourceTree = "<group>";
		};
		47678AA027A99D380065FFFA /* Matrix */ = {
			isa = PBXGroup;
			children = (
				47678AA127A99D380065FFFA /* AppDelegate.swift */,
				47678AAA27A99D3A0065FFFA /* Assets.xcassets */,
				47678AAC27A99D3A0065FFFA /* LaunchScreen.storyboard */,
				47678AAF27A99D3A0065FFFA /* Info.plist */,
				47678ABE27A99EF30065FFFA /* Shared */,
				47678ABA27A99D7C0065FFFA /* CustomControls */,
				47678AC427A99F580065FFFA /* Controllers */,
				47678ABC27A99D910065FFFA /* NetworkKit */,
				47678ABB27A99D8C0065FFFA /* UIKit */,
			);
			path = Matrix;
			sourceTree = "<group>";
		};
		47678AB527A99D5F0065FFFA /* HomeViewController */ = {
			isa = PBXGroup;
			children = (
				47678AB627A99D660065FFFA /* ViewModel */,
				47678AB827A99D710065FFFA /* Controller */,
				47678AB927A99D770065FFFA /* Components */,
			);
			path = HomeViewController;
			sourceTree = "<group>";
		};
		47678AB627A99D660065FFFA /* ViewModel */ = {
			isa = PBXGroup;
			children = (
				473B69E027A9A990007A3564 /* HomeViewModel.swift */,
			);
			path = ViewModel;
			sourceTree = "<group>";
		};
		47678AB727A99D6A0065FFFA /* Models */ = {
			isa = PBXGroup;
			children = (
				473B69FC27A9B59A007A3564 /* MovieSearch.swift */,
				473B69E427A9AD15007A3564 /* Movie.swift */,
				473B69E627A9ADC8007A3564 /* Actor.swift */,
				473B69E827A9ADE9007A3564 /* Directors.swift */,
				473B69EA27A9ADFD007A3564 /* Item.swift */,
			);
			path = Models;
			sourceTree = "<group>";
		};
		47678AB827A99D710065FFFA /* Controller */ = {
			isa = PBXGroup;
			children = (
				47678AA527A99D380065FFFA /* HomeViewController.swift */,
				473B69E227A9A9C5007A3564 /* HomeViewController+Networking.swift */,
			);
			path = Controller;
			sourceTree = "<group>";
		};
		47678AB927A99D770065FFFA /* Components */ = {
			isa = PBXGroup;
			children = (
				473B69EC27A9AE22007A3564 /* ActorCollectionCell.swift */,
			);
			path = Components;
			sourceTree = "<group>";
		};
		47678ABA27A99D7C0065FFFA /* CustomControls */ = {
			isa = PBXGroup;
			children = (
				473B69FE27A9B6C3007A3564 /* WatchCollectionFlowLayout.swift */,
			);
			path = CustomControls;
			sourceTree = "<group>";
		};
		47678ABB27A99D8C0065FFFA /* UIKit */ = {
			isa = PBXGroup;
			children = (
				473B69F227A9B337007A3564 /* Constraints */,
				47678AC527A99FEC0065FFFA /* Colours */,
				47678ABD27A99D9B0065FFFA /* Extensions */,
			);
			path = UIKit;
			sourceTree = "<group>";
		};
		47678ABC27A99D910065FFFA /* NetworkKit */ = {
			isa = PBXGroup;
			children = (
				4783387527A9C5AD00E3132C /* APIError */,
				4783386B27A9BBC000E3132C /* AppConfiguration */,
				4783386827A9BB4E00E3132C /* URLCenter */,
				47678AB727A99D6A0065FFFA /* Models */,
				473B69FB27A9B577007A3564 /* NetworkController */,
				4783387027A9C20D00E3132C /* APIKit */,
				4783386E27A9BFB100E3132C /* DispatchOnMain.swift */,
				4783387827A9C9DD00E3132C /* APIResponse.swift */,
			);
			path = NetworkKit;
			sourceTree = "<group>";
		};
		47678ABD27A99D9B0065FFFA /* Extensions */ = {
			isa = PBXGroup;
			children = (
				473B69EE27A9B25C007A3564 /* BaseCollectionViewCell.swift */,
				473B69F027A9B2D6007A3564 /* UIImageView+Extension.swift */,
			);
			path = Extensions;
			sourceTree = "<group>";
		};
		47678ABE27A99EF30065FFFA /* Shared */ = {
			isa = PBXGroup;
			children = (
				47678ACA27A9A2CB0065FFFA /* DependencyContainer */,
			);
			path = Shared;
			sourceTree = "<group>";
		};
		47678AC427A99F580065FFFA /* Controllers */ = {
			isa = PBXGroup;
			children = (
				47678AB527A99D5F0065FFFA /* HomeViewController */,
			);
			path = Controllers;
			sourceTree = "<group>";
		};
		47678AC527A99FEC0065FFFA /* Colours */ = {
			isa = PBXGroup;
			children = (
				47678AC827A9A1750065FFFA /* Colour.swift */,
			);
			path = Colours;
			sourceTree = "<group>";
		};
		47678ACA27A9A2CB0065FFFA /* DependencyContainer */ = {
			isa = PBXGroup;
			children = (
				47678ACB27A9A3080065FFFA /* DependencyContainer.swift */,
			);
			path = DependencyContainer;
			sourceTree = "<group>";
		};
		4783386827A9BB4E00E3132C /* URLCenter */ = {
			isa = PBXGroup;
			children = (
				4783386927A9BB5600E3132C /* URLCenter.swift */,
			);
			path = URLCenter;
			sourceTree = "<group>";
		};
		4783386B27A9BBC000E3132C /* AppConfiguration */ = {
			isa = PBXGroup;
			children = (
				4783386C27A9BBCB00E3132C /* AppConfiguration.swift */,
			);
			path = AppConfiguration;
			sourceTree = "<group>";
		};
		4783387027A9C20D00E3132C /* APIKit */ = {
			isa = PBXGroup;
			children = (
				4783387327A9C22B00E3132C /* APIKitProtocol.swift */,
				4783387127A9C21300E3132C /* APIKit.swift */,
			);
			path = APIKit;
			sourceTree = "<group>";
		};
		4783387527A9C5AD00E3132C /* APIError */ = {
			isa = PBXGroup;
			children = (
				4783387627A9C74300E3132C /* APIError.swift */,
			);
			path = APIError;
			sourceTree = "<group>";
		};
		5E737AEC41A61548489133CA /* Frameworks */ = {
			isa = PBXGroup;
			children = (
				C31B69B0E3B80FF71D765CF3 /* Pods_Matrix.framework */,
			);
			name = Frameworks;
			sourceTree = "<group>";
		};
/* End PBXGroup section */

/* Begin PBXNativeTarget section */
		47678A9D27A99D380065FFFA /* Matrix */ = {
			isa = PBXNativeTarget;
			buildConfigurationList = 47678AB227A99D3A0065FFFA /* Build configuration list for PBXNativeTarget "Matrix" */;
			buildPhases = (
				5321131F1C4145293C300967 /* [CP] Check Pods Manifest.lock */,
				47678A9A27A99D380065FFFA /* Sources */,
				47678A9B27A99D380065FFFA /* Frameworks */,
				47678A9C27A99D380065FFFA /* Resources */,
				C9F80DBA7402CDF7BD7D65A6 /* [CP] Embed Pods Frameworks */,
			);
			buildRules = (
			);
			dependencies = (
			);
			name = Matrix;
			productName = Matrix;
			productReference = 47678A9E27A99D380065FFFA /* Matrix.app */;
			productType = "com.apple.product-type.application";
		};
/* End PBXNativeTarget section */

/* Begin PBXProject section */
		47678A9627A99D380065FFFA /* Project object */ = {
			isa = PBXProject;
			attributes = {
				BuildIndependentTargetsInParallel = 1;
				LastSwiftUpdateCheck = 1310;
				LastUpgradeCheck = 1310;
				TargetAttributes = {
					47678A9D27A99D380065FFFA = {
						CreatedOnToolsVersion = 13.1;
					};
				};
			};
			buildConfigurationList = 47678A9927A99D380065FFFA /* Build configuration list for PBXProject "Matrix" */;
			compatibilityVersion = "Xcode 13.0";
			developmentRegion = en;
			hasScannedForEncodings = 0;
			knownRegions = (
				en,
				Base,
			);
			mainGroup = 47678A9527A99D380065FFFA;
			productRefGroup = 47678A9F27A99D380065FFFA /* Products */;
			projectDirPath = "";
			projectRoot = "";
			targets = (
				47678A9D27A99D380065FFFA /* Matrix */,
			);
		};
/* End PBXProject section */

/* Begin PBXResourcesBuildPhase section */
		47678A9C27A99D380065FFFA /* Resources */ = {
			isa = PBXResourcesBuildPhase;
			buildActionMask = 2147483647;
			files = (
				47678AAE27A99D3A0065FFFA /* LaunchScreen.storyboard in Resources */,
				47678AAB27A99D3A0065FFFA /* Assets.xcassets in Resources */,
			);
			runOnlyForDeploymentPostprocessing = 0;
		};
/* End PBXResourcesBuildPhase section */

/* Begin PBXShellScriptBuildPhase section */
		5321131F1C4145293C300967 /* [CP] Check Pods Manifest.lock */ = {
			isa = PBXShellScriptBuildPhase;
			buildActionMask = 2147483647;
			files = (
			);
			inputFileListPaths = (
			);
			inputPaths = (
				"${PODS_PODFILE_DIR_PATH}/Podfile.lock",
				"${PODS_ROOT}/Manifest.lock",
			);
			name = "[CP] Check Pods Manifest.lock";
			outputFileListPaths = (
			);
			outputPaths = (
				"$(DERIVED_FILE_DIR)/Pods-Matrix-checkManifestLockResult.txt",
			);
			runOnlyForDeploymentPostprocessing = 0;
			shellPath = /bin/sh;
			shellScript = "diff \"${PODS_PODFILE_DIR_PATH}/Podfile.lock\" \"${PODS_ROOT}/Manifest.lock\" > /dev/null\nif [ $? != 0 ] ; then\n    # print error to STDERR\n    echo \"error: The sandbox is not in sync with the Podfile.lock. Run 'pod install' or update your CocoaPods installation.\" >&2\n    exit 1\nfi\n# This output is used by Xcode 'outputs' to avoid re-running this script phase.\necho \"SUCCESS\" > \"${SCRIPT_OUTPUT_FILE_0}\"\n";
			showEnvVarsInLog = 0;
		};
		C9F80DBA7402CDF7BD7D65A6 /* [CP] Embed Pods Frameworks */ = {
			isa = PBXShellScriptBuildPhase;
			buildActionMask = 2147483647;
			files = (
			);
			inputFileListPaths = (
				"${PODS_ROOT}/Target Support Files/Pods-Matrix/Pods-Matrix-frameworks-${CONFIGURATION}-input-files.xcfilelist",
			);
			name = "[CP] Embed Pods Frameworks";
			outputFileListPaths = (
				"${PODS_ROOT}/Target Support Files/Pods-Matrix/Pods-Matrix-frameworks-${CONFIGURATION}-output-files.xcfilelist",
			);
			runOnlyForDeploymentPostprocessing = 0;
			shellPath = /bin/sh;
			shellScript = "\"${PODS_ROOT}/Target Support Files/Pods-Matrix/Pods-Matrix-frameworks.sh\"\n";
			showEnvVarsInLog = 0;
		};
/* End PBXShellScriptBuildPhase section */

/* Begin PBXSourcesBuildPhase section */
		47678A9A27A99D380065FFFA /* Sources */ = {
			isa = PBXSourcesBuildPhase;
			buildActionMask = 2147483647;
			files = (
				473B69F127A9B2D6007A3564 /* UIImageView+Extension.swift in Sources */,
				4783387227A9C21300E3132C /* APIKit.swift in Sources */,
				4783387427A9C22B00E3132C /* APIKitProtocol.swift in Sources */,
				47678AC927A9A1750065FFFA /* Colour.swift in Sources */,
				473B69EF27A9B25C007A3564 /* BaseCollectionViewCell.swift in Sources */,
				4783387727A9C74300E3132C /* APIError.swift in Sources */,
				473B69FD27A9B59A007A3564 /* MovieSearch.swift in Sources */,
				4783386F27A9BFB100E3132C /* DispatchOnMain.swift in Sources */,
				473B69F827A9B4E1007A3564 /* MatrixNetworkProtocol.swift in Sources */,
				473B69E927A9ADE9007A3564 /* Directors.swift in Sources */,
				4783386D27A9BBCB00E3132C /* AppConfiguration.swift in Sources */,
				473B69F627A9B4BD007A3564 /* MatrixNetworkController.swift in Sources */,
				473B69F427A9B38E007A3564 /* Constraints.swift in Sources */,
				473B69E327A9A9C5007A3564 /* HomeViewController+Networking.swift in Sources */,
				473B69EB27A9ADFD007A3564 /* Item.swift in Sources */,
				473B69FF27A9B6C3007A3564 /* WatchCollectionFlowLayout.swift in Sources */,
				4783386A27A9BB5600E3132C /* URLCenter.swift in Sources */,
				473B69E527A9AD15007A3564 /* Movie.swift in Sources */,
				473B69E127A9A990007A3564 /* HomeViewModel.swift in Sources */,
				47678ACC27A9A3080065FFFA /* DependencyContainer.swift in Sources */,
				47678AA627A99D380065FFFA /* HomeViewController.swift in Sources */,
				47678AA227A99D380065FFFA /* AppDelegate.swift in Sources */,
				473B69ED27A9AE22007A3564 /* ActorCollectionCell.swift in Sources */,
				4783387927A9C9DD00E3132C /* APIResponse.swift in Sources */,
				473B69E727A9ADC8007A3564 /* Actor.swift in Sources */,
			);
			runOnlyForDeploymentPostprocessing = 0;
		};
/* End PBXSourcesBuildPhase section */

/* Begin PBXVariantGroup section */
		47678AAC27A99D3A0065FFFA /* LaunchScreen.storyboard */ = {
			isa = PBXVariantGroup;
			children = (
				47678AAD27A99D3A0065FFFA /* Base */,
			);
			name = LaunchScreen.storyboard;
			sourceTree = "<group>";
		};
/* End PBXVariantGroup section */

/* Begin XCBuildConfiguration section */
		47678AB027A99D3A0065FFFA /* Debug */ = {
			isa = XCBuildConfiguration;
			buildSettings = {
				ALWAYS_SEARCH_USER_PATHS = NO;
				CLANG_ANALYZER_NONNULL = YES;
				CLANG_ANALYZER_NUMBER_OBJECT_CONVERSION = YES_AGGRESSIVE;
				CLANG_CXX_LANGUAGE_STANDARD = "gnu++17";
				CLANG_CXX_LIBRARY = "libc++";
				CLANG_ENABLE_MODULES = YES;
				CLANG_ENABLE_OBJC_ARC = YES;
				CLANG_ENABLE_OBJC_WEAK = YES;
				CLANG_WARN_BLOCK_CAPTURE_AUTORELEASING = YES;
				CLANG_WARN_BOOL_CONVERSION = YES;
				CLANG_WARN_COMMA = YES;
				CLANG_WARN_CONSTANT_CONVERSION = YES;
				CLANG_WARN_DEPRECATED_OBJC_IMPLEMENTATIONS = YES;
				CLANG_WARN_DIRECT_OBJC_ISA_USAGE = YES_ERROR;
				CLANG_WARN_DOCUMENTATION_COMMENTS = YES;
				CLANG_WARN_EMPTY_BODY = YES;
				CLANG_WARN_ENUM_CONVERSION = YES;
				CLANG_WARN_INFINITE_RECURSION = YES;
				CLANG_WARN_INT_CONVERSION = YES;
				CLANG_WARN_NON_LITERAL_NULL_CONVERSION = YES;
				CLANG_WARN_OBJC_IMPLICIT_RETAIN_SELF = YES;
				CLANG_WARN_OBJC_LITERAL_CONVERSION = YES;
				CLANG_WARN_OBJC_ROOT_CLASS = YES_ERROR;
				CLANG_WARN_QUOTED_INCLUDE_IN_FRAMEWORK_HEADER = YES;
				CLANG_WARN_RANGE_LOOP_ANALYSIS = YES;
				CLANG_WARN_STRICT_PROTOTYPES = YES;
				CLANG_WARN_SUSPICIOUS_MOVE = YES;
				CLANG_WARN_UNGUARDED_AVAILABILITY = YES_AGGRESSIVE;
				CLANG_WARN_UNREACHABLE_CODE = YES;
				CLANG_WARN__DUPLICATE_METHOD_MATCH = YES;
				COPY_PHASE_STRIP = NO;
				DEBUG_INFORMATION_FORMAT = dwarf;
				ENABLE_STRICT_OBJC_MSGSEND = YES;
				ENABLE_TESTABILITY = YES;
				GCC_C_LANGUAGE_STANDARD = gnu11;
				GCC_DYNAMIC_NO_PIC = NO;
				GCC_NO_COMMON_BLOCKS = YES;
				GCC_OPTIMIZATION_LEVEL = 0;
				GCC_PREPROCESSOR_DEFINITIONS = (
					"DEBUG=1",
					"$(inherited)",
				);
				GCC_WARN_64_TO_32_BIT_CONVERSION = YES;
				GCC_WARN_ABOUT_RETURN_TYPE = YES_ERROR;
				GCC_WARN_UNDECLARED_SELECTOR = YES;
				GCC_WARN_UNINITIALIZED_AUTOS = YES_AGGRESSIVE;
				GCC_WARN_UNUSED_FUNCTION = YES;
				GCC_WARN_UNUSED_VARIABLE = YES;
				IPHONEOS_DEPLOYMENT_TARGET = 15.0;
				MTL_ENABLE_DEBUG_INFO = INCLUDE_SOURCE;
				MTL_FAST_MATH = YES;
				ONLY_ACTIVE_ARCH = YES;
				SDKROOT = iphoneos;
				SWIFT_ACTIVE_COMPILATION_CONDITIONS = DEBUG;
				SWIFT_OPTIMIZATION_LEVEL = "-Onone";
			};
			name = Debug;
		};
		47678AB127A99D3A0065FFFA /* Release */ = {
			isa = XCBuildConfiguration;
			buildSettings = {
				ALWAYS_SEARCH_USER_PATHS = NO;
				CLANG_ANALYZER_NONNULL = YES;
				CLANG_ANALYZER_NUMBER_OBJECT_CONVERSION = YES_AGGRESSIVE;
				CLANG_CXX_LANGUAGE_STANDARD = "gnu++17";
				CLANG_CXX_LIBRARY = "libc++";
				CLANG_ENABLE_MODULES = YES;
				CLANG_ENABLE_OBJC_ARC = YES;
				CLANG_ENABLE_OBJC_WEAK = YES;
				CLANG_WARN_BLOCK_CAPTURE_AUTORELEASING = YES;
				CLANG_WARN_BOOL_CONVERSION = YES;
				CLANG_WARN_COMMA = YES;
				CLANG_WARN_CONSTANT_CONVERSION = YES;
				CLANG_WARN_DEPRECATED_OBJC_IMPLEMENTATIONS = YES;
				CLANG_WARN_DIRECT_OBJC_ISA_USAGE = YES_ERROR;
				CLANG_WARN_DOCUMENTATION_COMMENTS = YES;
				CLANG_WARN_EMPTY_BODY = YES;
				CLANG_WARN_ENUM_CONVERSION = YES;
				CLANG_WARN_INFINITE_RECURSION = YES;
				CLANG_WARN_INT_CONVERSION = YES;
				CLANG_WARN_NON_LITERAL_NULL_CONVERSION = YES;
				CLANG_WARN_OBJC_IMPLICIT_RETAIN_SELF = YES;
				CLANG_WARN_OBJC_LITERAL_CONVERSION = YES;
				CLANG_WARN_OBJC_ROOT_CLASS = YES_ERROR;
				CLANG_WARN_QUOTED_INCLUDE_IN_FRAMEWORK_HEADER = YES;
				CLANG_WARN_RANGE_LOOP_ANALYSIS = YES;
				CLANG_WARN_STRICT_PROTOTYPES = YES;
				CLANG_WARN_SUSPICIOUS_MOVE = YES;
				CLANG_WARN_UNGUARDED_AVAILABILITY = YES_AGGRESSIVE;
				CLANG_WARN_UNREACHABLE_CODE = YES;
				CLANG_WARN__DUPLICATE_METHOD_MATCH = YES;
				COPY_PHASE_STRIP = NO;
				DEBUG_INFORMATION_FORMAT = "dwarf-with-dsym";
				ENABLE_NS_ASSERTIONS = NO;
				ENABLE_STRICT_OBJC_MSGSEND = YES;
				GCC_C_LANGUAGE_STANDARD = gnu11;
				GCC_NO_COMMON_BLOCKS = YES;
				GCC_WARN_64_TO_32_BIT_CONVERSION = YES;
				GCC_WARN_ABOUT_RETURN_TYPE = YES_ERROR;
				GCC_WARN_UNDECLARED_SELECTOR = YES;
				GCC_WARN_UNINITIALIZED_AUTOS = YES_AGGRESSIVE;
				GCC_WARN_UNUSED_FUNCTION = YES;
				GCC_WARN_UNUSED_VARIABLE = YES;
				IPHONEOS_DEPLOYMENT_TARGET = 15.0;
				MTL_ENABLE_DEBUG_INFO = NO;
				MTL_FAST_MATH = YES;
				SDKROOT = iphoneos;
				SWIFT_COMPILATION_MODE = wholemodule;
				SWIFT_OPTIMIZATION_LEVEL = "-O";
				VALIDATE_PRODUCT = YES;
			};
			name = Release;
		};
		47678AB327A99D3A0065FFFA /* Debug */ = {
			isa = XCBuildConfiguration;
			baseConfigurationReference = 8D34911772A5FDE47D3DECE1 /* Pods-Matrix.debug.xcconfig */;
			buildSettings = {
				ASSETCATALOG_COMPILER_APPICON_NAME = AppIcon;
				ASSETCATALOG_COMPILER_GLOBAL_ACCENT_COLOR_NAME = AccentColor;
				CODE_SIGN_STYLE = Automatic;
				CURRENT_PROJECT_VERSION = 1;
				DEVELOPMENT_TEAM = "";
				GENERATE_INFOPLIST_FILE = YES;
				INFOPLIST_FILE = Matrix/Info.plist;
				INFOPLIST_KEY_UIApplicationSupportsIndirectInputEvents = YES;
				INFOPLIST_KEY_UILaunchStoryboardName = LaunchScreen;
				INFOPLIST_KEY_UISupportedInterfaceOrientations_iPad = "UIInterfaceOrientationPortrait UIInterfaceOrientationPortraitUpsideDown UIInterfaceOrientationLandscapeLeft UIInterfaceOrientationLandscapeRight";
				INFOPLIST_KEY_UISupportedInterfaceOrientations_iPhone = "UIInterfaceOrientationPortrait UIInterfaceOrientationLandscapeLeft UIInterfaceOrientationLandscapeRight";
				LD_RUNPATH_SEARCH_PATHS = (
					"$(inherited)",
					"@executable_path/Frameworks",
				);
				MARKETING_VERSION = 1.0;
				PRODUCT_BUNDLE_IDENTIFIER = com.everbloom.Matrix;
				PRODUCT_NAME = "$(TARGET_NAME)";
				SWIFT_EMIT_LOC_STRINGS = YES;
				SWIFT_VERSION = 5.0;
				TARGETED_DEVICE_FAMILY = "1,2";
			};
			name = Debug;
		};
		47678AB427A99D3A0065FFFA /* Release */ = {
			isa = XCBuildConfiguration;
			baseConfigurationReference = 0F40847BC8238BD787AF6CD5 /* Pods-Matrix.release.xcconfig */;
			buildSettings = {
				ASSETCATALOG_COMPILER_APPICON_NAME = AppIcon;
				ASSETCATALOG_COMPILER_GLOBAL_ACCENT_COLOR_NAME = AccentColor;
				CODE_SIGN_STYLE = Automatic;
				CURRENT_PROJECT_VERSION = 1;
				DEVELOPMENT_TEAM = "";
				GENERATE_INFOPLIST_FILE = YES;
				INFOPLIST_FILE = Matrix/Info.plist;
				INFOPLIST_KEY_UIApplicationSupportsIndirectInputEvents = YES;
				INFOPLIST_KEY_UILaunchStoryboardName = LaunchScreen;
				INFOPLIST_KEY_UISupportedInterfaceOrientations_iPad = "UIInterfaceOrientationPortrait UIInterfaceOrientationPortraitUpsideDown UIInterfaceOrientationLandscapeLeft UIInterfaceOrientationLandscapeRight";
				INFOPLIST_KEY_UISupportedInterfaceOrientations_iPhone = "UIInterfaceOrientationPortrait UIInterfaceOrientationLandscapeLeft UIInterfaceOrientationLandscapeRight";
				LD_RUNPATH_SEARCH_PATHS = (
					"$(inherited)",
					"@executable_path/Frameworks",
				);
				MARKETING_VERSION = 1.0;
				PRODUCT_BUNDLE_IDENTIFIER = com.everbloom.Matrix;
				PRODUCT_NAME = "$(TARGET_NAME)";
				SWIFT_EMIT_LOC_STRINGS = YES;
				SWIFT_VERSION = 5.0;
				TARGETED_DEVICE_FAMILY = "1,2";
			};
			name = Release;
		};
/* End XCBuildConfiguration section */

/* Begin XCConfigurationList section */
		47678A9927A99D380065FFFA /* Build configuration list for PBXProject "Matrix" */ = {
			isa = XCConfigurationList;
			buildConfigurations = (
				47678AB027A99D3A0065FFFA /* Debug */,
				47678AB127A99D3A0065FFFA /* Release */,
			);
			defaultConfigurationIsVisible = 0;
			defaultConfigurationName = Release;
		};
		47678AB227A99D3A0065FFFA /* Build configuration list for PBXNativeTarget "Matrix" */ = {
			isa = XCConfigurationList;
			buildConfigurations = (
				47678AB327A99D3A0065FFFA /* Debug */,
				47678AB427A99D3A0065FFFA /* Release */,
			);
			defaultConfigurationIsVisible = 0;
			defaultConfigurationName = Release;
		};
/* End XCConfigurationList section */
	};
	rootObject = 47678A9627A99D380065FFFA /* Project object */;
}
